
Microsoft Visual Studio Solution File, Format Version 12.00
# Visual Studio 14
VisualStudioVersion = 14.0.25123.0
MinimumVisualStudioVersion = 10.0.40219.1
Project("{FAE04EC0-301F-11D3-BF4B-00C04F79EFBC}") = "NHibernate.Spatial", "NHibernate.Spatial\NHibernate.Spatial.csproj", "{50868B60-AC38-47E1-BD09-B4A4AA06B6F2}"
EndProject
Project("{FAE04EC0-301F-11D3-BF4B-00C04F79EFBC}") = "Tests.NHibernate.Spatial", "Tests.NHibernate.Spatial\Tests.NHibernate.Spatial.csproj", "{CF7F3A94-6560-4A2D-9BCE-F2B5A9583ECA}"
EndProject
Project("{FAE04EC0-301F-11D3-BF4B-00C04F79EFBC}") = "NHibernate.Spatial.PostGis", "NHibernate.Spatial.PostGis\NHibernate.Spatial.PostGis.csproj", "{0DD11B24-D42E-4345-A770-0CE755E17C82}"
EndProject
Project("{FAE04EC0-301F-11D3-BF4B-00C04F79EFBC}") = "Tests.NHibernate.Spatial.PostGis", "Tests.NHibernate.Spatial.PostGis\Tests.NHibernate.Spatial.PostGis.csproj", "{FE98272E-2526-471E-88C5-AD4518A447F9}"
EndProject
Project("{FAE04EC0-301F-11D3-BF4B-00C04F79EFBC}") = "Tests.NHibernate.Spatial.MsSqlSpatial", "Tests.NHibernate.Spatial.MsSqlSpatial\Tests.NHibernate.Spatial.MsSqlSpatial.csproj", "{80606E40-6482-48EF-89B0-3549650EDF9A}"
EndProject
Project("{FAE04EC0-301F-11D3-BF4B-00C04F79EFBC}") = "NHibernate.Spatial.MsSql", "NHibernate.Spatial.MsSql\NHibernate.Spatial.MsSql.csproj", "{EAC092D9-6D47-4A30-803C-7A8583F99DFE}"
EndProject
Project("{FAE04EC0-301F-11D3-BF4B-00C04F79EFBC}") = "Tests.NHibernate.Spatial.MsSql2008", "Tests.NHibernate.Spatial.MsSql2008\Tests.NHibernate.Spatial.MsSql2008.csproj", "{96CE5CA4-56B6-45CD-9581-736C8483CD7A}"
EndProject
Project("{FAE04EC0-301F-11D3-BF4B-00C04F79EFBC}") = "NHibernate.Spatial.MySQL", "NHibernate.Spatial.MySQL\NHibernate.Spatial.MySQL.csproj", "{2A41BF37-ACD3-4F0B-804A-C8EC6517D51A}"
EndProject
Project("{FAE04EC0-301F-11D3-BF4B-00C04F79EFBC}") = "Tests.NHibernate.Spatial.MySQL", "Tests.NHibernate.Spatial.MySQL\Tests.NHibernate.Spatial.MySQL.csproj", "{89DB7429-40E8-4D5F-B560-64B59CEE4FC0}"
EndProject
Project("{2150E333-8FDC-42A3-9474-1A3956D46DE8}") = ".nuget", ".nuget", "{992BBC11-B86E-41AA-BE7A-F36678CA3A19}"
	ProjectSection(SolutionItems) = preProject
		.nuget\NuGet.Config = .nuget\NuGet.Config
		.nuget\NuGet.exe = .nuget\NuGet.exe
		.nuget\NuGet.targets = .nuget\NuGet.targets
	EndProjectSection
EndProject
Project("{FAE04EC0-301F-11D3-BF4B-00C04F79EFBC}") = "NHibernate.Spatial.Oracle", "NHibernate.Spatial.Oracle\NHibernate.Spatial.Oracle.csproj", "{AE6A6FAE-966D-4D4D-BCBD-62C2B25EF02A}"
EndProject
Project("{FAE04EC0-301F-11D3-BF4B-00C04F79EFBC}") = "NetTopologySuite.TestRunner", "NetTopologySuite.TestRunner\NetTopologySuite.TestRunner.csproj", "{13669184-2446-404F-8894-5E20B6C3FCC6}"
EndProject
Project("{FAE04EC0-301F-11D3-BF4B-00C04F79EFBC}") = "NetTopologySuite.Windows.Forms", "NetTopologySuite.Windows.Forms\NetTopologySuite.Windows.Forms.csproj", "{DB5EFAB5-F90A-4B64-AB99-7C3A750154F1}"
EndProject
Project("{2150E333-8FDC-42A3-9474-1A3956D46DE8}") = "Solution Items", "Solution Items", "{AE42DD50-8C75-4859-87BA-39D6D263A210}"
	ProjectSection(SolutionItems) = preProject
		SharedAssemblyInfo.cs = SharedAssemblyInfo.cs
	EndProjectSection
EndProject
Project("{FAE04EC0-301F-11D3-BF4B-00C04F79EFBC}") = "Tests.NHibernate.Spatial.MySQL57", "Tests.NHibernate.Spatial.MySQL57\Tests.NHibernate.Spatial.MySQL57.csproj", "{903F70BB-59E8-4752-BBC8-57C3C0CC221E}"
EndProject
Project("{FAE04EC0-301F-11D3-BF4B-00C04F79EFBC}") = "Tests.NHibernate.Spatial.PostGis20", "Tests.NHibernate.Spatial.PostGis20\Tests.NHibernate.Spatial.PostGis20.csproj", "{F3FA25B4-267D-4DC5-9685-E383BFA8E156}"
EndProject
Global
	GlobalSection(SolutionConfigurationPlatforms) = preSolution
		Debug|Any CPU = Debug|Any CPU
		Release|Any CPU = Release|Any CPU
	EndGlobalSection
	GlobalSection(ProjectConfigurationPlatforms) = postSolution
		{50868B60-AC38-47E1-BD09-B4A4AA06B6F2}.Debug|Any CPU.ActiveCfg = Debug|Any CPU
		{50868B60-AC38-47E1-BD09-B4A4AA06B6F2}.Debug|Any CPU.Build.0 = Debug|Any CPU
		{50868B60-AC38-47E1-BD09-B4A4AA06B6F2}.Release|Any CPU.ActiveCfg = Release|Any CPU
		{50868B60-AC38-47E1-BD09-B4A4AA06B6F2}.Release|Any CPU.Build.0 = Release|Any CPU
		{CF7F3A94-6560-4A2D-9BCE-F2B5A9583ECA}.Debug|Any CPU.ActiveCfg = Debug|Any CPU
		{CF7F3A94-6560-4A2D-9BCE-F2B5A9583ECA}.Debug|Any CPU.Build.0 = Debug|Any CPU
		{CF7F3A94-6560-4A2D-9BCE-F2B5A9583ECA}.Release|Any CPU.ActiveCfg = Release|Any CPU
		{CF7F3A94-6560-4A2D-9BCE-F2B5A9583ECA}.Release|Any CPU.Build.0 = Release|Any CPU
		{0DD11B24-D42E-4345-A770-0CE755E17C82}.Debug|Any CPU.ActiveCfg = Debug|Any CPU
		{0DD11B24-D42E-4345-A770-0CE755E17C82}.Debug|Any CPU.Build.0 = Debug|Any CPU
		{0DD11B24-D42E-4345-A770-0CE755E17C82}.Release|Any CPU.ActiveCfg = Release|Any CPU
		{0DD11B24-D42E-4345-A770-0CE755E17C82}.Release|Any CPU.Build.0 = Release|Any CPU
		{FE98272E-2526-471E-88C5-AD4518A447F9}.Debug|Any CPU.ActiveCfg = Debug|Any CPU
		{FE98272E-2526-471E-88C5-AD4518A447F9}.Debug|Any CPU.Build.0 = Debug|Any CPU
		{FE98272E-2526-471E-88C5-AD4518A447F9}.Release|Any CPU.ActiveCfg = Release|Any CPU
		{FE98272E-2526-471E-88C5-AD4518A447F9}.Release|Any CPU.Build.0 = Release|Any CPU
		{80606E40-6482-48EF-89B0-3549650EDF9A}.Debug|Any CPU.ActiveCfg = Debug|Any CPU
		{80606E40-6482-48EF-89B0-3549650EDF9A}.Debug|Any CPU.Build.0 = Debug|Any CPU
		{80606E40-6482-48EF-89B0-3549650EDF9A}.Release|Any CPU.ActiveCfg = Release|Any CPU
		{80606E40-6482-48EF-89B0-3549650EDF9A}.Release|Any CPU.Build.0 = Release|Any CPU
		{EAC092D9-6D47-4A30-803C-7A8583F99DFE}.Debug|Any CPU.ActiveCfg = Debug|Any CPU
		{EAC092D9-6D47-4A30-803C-7A8583F99DFE}.Debug|Any CPU.Build.0 = Debug|Any CPU
		{EAC092D9-6D47-4A30-803C-7A8583F99DFE}.Release|Any CPU.ActiveCfg = Release|Any CPU
		{EAC092D9-6D47-4A30-803C-7A8583F99DFE}.Release|Any CPU.Build.0 = Release|Any CPU
		{96CE5CA4-56B6-45CD-9581-736C8483CD7A}.Debug|Any CPU.ActiveCfg = Debug|Any CPU
		{96CE5CA4-56B6-45CD-9581-736C8483CD7A}.Debug|Any CPU.Build.0 = Debug|Any CPU
		{96CE5CA4-56B6-45CD-9581-736C8483CD7A}.Release|Any CPU.ActiveCfg = Release|Any CPU
		{96CE5CA4-56B6-45CD-9581-736C8483CD7A}.Release|Any CPU.Build.0 = Release|Any CPU
		{2A41BF37-ACD3-4F0B-804A-C8EC6517D51A}.Debug|Any CPU.ActiveCfg = Debug|Any CPU
		{2A41BF37-ACD3-4F0B-804A-C8EC6517D51A}.Debug|Any CPU.Build.0 = Debug|Any CPU
		{2A41BF37-ACD3-4F0B-804A-C8EC6517D51A}.Release|Any CPU.ActiveCfg = Release|Any CPU
		{2A41BF37-ACD3-4F0B-804A-C8EC6517D51A}.Release|Any CPU.Build.0 = Release|Any CPU
		{89DB7429-40E8-4D5F-B560-64B59CEE4FC0}.Debug|Any CPU.ActiveCfg = Debug|Any CPU
		{89DB7429-40E8-4D5F-B560-64B59CEE4FC0}.Debug|Any CPU.Build.0 = Debug|Any CPU
		{89DB7429-40E8-4D5F-B560-64B59CEE4FC0}.Release|Any CPU.ActiveCfg = Release|Any CPU
		{89DB7429-40E8-4D5F-B560-64B59CEE4FC0}.Release|Any CPU.Build.0 = Release|Any CPU
		{AE6A6FAE-966D-4D4D-BCBD-62C2B25EF02A}.Debug|Any CPU.ActiveCfg = Debug|Any CPU
		{AE6A6FAE-966D-4D4D-BCBD-62C2B25EF02A}.Debug|Any CPU.Build.0 = Debug|Any CPU
		{AE6A6FAE-966D-4D4D-BCBD-62C2B25EF02A}.Release|Any CPU.ActiveCfg = Release|Any CPU
		{AE6A6FAE-966D-4D4D-BCBD-62C2B25EF02A}.Release|Any CPU.Build.0 = Release|Any CPU
		{13669184-2446-404F-8894-5E20B6C3FCC6}.Debug|Any CPU.ActiveCfg = Debug|Any CPU
		{13669184-2446-404F-8894-5E20B6C3FCC6}.Debug|Any CPU.Build.0 = Debug|Any CPU
		{13669184-2446-404F-8894-5E20B6C3FCC6}.Release|Any CPU.ActiveCfg = Release|Any CPU
		{13669184-2446-404F-8894-5E20B6C3FCC6}.Release|Any CPU.Build.0 = Release|Any CPU
		{DB5EFAB5-F90A-4B64-AB99-7C3A750154F1}.Debug|Any CPU.ActiveCfg = Debug|Any CPU
		{DB5EFAB5-F90A-4B64-AB99-7C3A750154F1}.Debug|Any CPU.Build.0 = Debug|Any CPU
		{DB5EFAB5-F90A-4B64-AB99-7C3A750154F1}.Release|Any CPU.ActiveCfg = Release|Any CPU
		{DB5EFAB5-F90A-4B64-AB99-7C3A750154F1}.Release|Any CPU.Build.0 = Release|Any CPU
		{903F70BB-59E8-4752-BBC8-57C3C0CC221E}.Debug|Any CPU.ActiveCfg = Debug|Any CPU
		{903F70BB-59E8-4752-BBC8-57C3C0CC221E}.Debug|Any CPU.Build.0 = Debug|Any CPU
		{903F70BB-59E8-4752-BBC8-57C3C0CC221E}.Release|Any CPU.ActiveCfg = Release|Any CPU
		{903F70BB-59E8-4752-BBC8-57C3C0CC221E}.Release|Any CPU.Build.0 = Release|Any CPU
		{F3FA25B4-267D-4DC5-9685-E383BFA8E156}.Debug|Any CPU.ActiveCfg = Debug|Any CPU
		{F3FA25B4-267D-4DC5-9685-E383BFA8E156}.Debug|Any CPU.Build.0 = Debug|Any CPU
		{F3FA25B4-267D-4DC5-9685-E383BFA8E156}.Release|Any CPU.ActiveCfg = Release|Any CPU
		{F3FA25B4-267D-4DC5-9685-E383BFA8E156}.Release|Any CPU.Build.0 = Release|Any CPU
	EndGlobalSection
	GlobalSection(SolutionProperties) = preSolution
		HideSolutionNode = FALSE
	EndGlobalSection
	GlobalSection(TextTemplating) = postSolution
		TextTemplating = 1
	EndGlobalSection
EndGlobal
