
Microsoft Visual Studio Solution File, Format Version 12.00
# Visual Studio Version 17
VisualStudioVersion = 17.3.32804.467
MinimumVisualStudioVersion = 10.0.40219.1
Project("{9A19103F-16F7-4668-BE54-9A1E7A4F7556}") = "NHibernate.Spatial", "NHibernate.Spatial\NHibernate.Spatial.csproj", "{F6C61D45-B221-4AAF-9539-24192A4FF933}"
EndProject
Project("{9A19103F-16F7-4668-BE54-9A1E7A4F7556}") = "NHibernate.Spatial.MySQL", "NHibernate.Spatial.MySQL\NHibernate.Spatial.MySQL.csproj", "{6AD0F48D-C221-4CCE-AE1A-ED6780E8273B}"
EndProject
Project("{9A19103F-16F7-4668-BE54-9A1E7A4F7556}") = "NHibernate.Spatial.PostGis", "NHibernate.Spatial.PostGis\NHibernate.Spatial.PostGis.csproj", "{6BD13325-F5D4-4865-B0F3-C0053D45579A}"
EndProject
Project("{9A19103F-16F7-4668-BE54-9A1E7A4F7556}") = "NetTopologySuite.TestRunner", "NetTopologySuite.TestRunner\NetTopologySuite.TestRunner.csproj", "{2455831F-F3E0-48FC-92EB-71BF5BD0FBB5}"
EndProject
Project("{9A19103F-16F7-4668-BE54-9A1E7A4F7556}") = "Tests.NHibernate.Spatial", "Tests.NHibernate.Spatial\Tests.NHibernate.Spatial.csproj", "{1A5B4897-4D2C-4A3E-8012-B428799A5E43}"
EndProject
Project("{9A19103F-16F7-4668-BE54-9A1E7A4F7556}") = "Tests.NHibernate.Spatial.MySQL57", "Tests.NHibernate.Spatial.MySQL57\Tests.NHibernate.Spatial.MySQL57.csproj", "{1825222A-AC75-48B4-8283-BA5FEEE4AC7E}"
EndProject
Project("{9A19103F-16F7-4668-BE54-9A1E7A4F7556}") = "Tests.NHibernate.Spatial.PostGis20", "Tests.NHibernate.Spatial.PostGis20\Tests.NHibernate.Spatial.PostGis20.csproj", "{DAEF5C4F-234D-402D-96E5-1B2CB6EBF10E}"
EndProject
Project("{9A19103F-16F7-4668-BE54-9A1E7A4F7556}") = "NHibernate.Spatial.MsSql", "NHibernate.Spatial.MsSql\NHibernate.Spatial.MsSql.csproj", "{3BA49B38-653B-4B24-8F2D-3416B07AAA5D}"
EndProject
Project("{9A19103F-16F7-4668-BE54-9A1E7A4F7556}") = "Tests.NHibernate.Spatial.MsSql2012", "Tests.NHibernate.Spatial.MsSql2012\Tests.NHibernate.Spatial.MsSql2012.csproj", "{12E29E47-4760-427E-8EF9-5D2F39B0E980}"
EndProject
Project("{2150E333-8FDC-42A3-9474-1A3956D46DE8}") = "Solution Items", "Solution Items", "{8DBF64ED-50C5-42C0-AED7-64FD617FB649}"
	ProjectSection(SolutionItems) = preProject
		NHibernate.Spatial.props = NHibernate.Spatial.props
	EndProjectSection
EndProject
Project("{9A19103F-16F7-4668-BE54-9A1E7A4F7556}") = "Tests.NHibernate.Spatial.MySQL80", "Tests.NHibernate.Spatial.MySQL80\Tests.NHibernate.Spatial.MySQL80.csproj", "{D6643E3E-D004-41A7-B1AB-96D52018FE17}"
EndProject
Project("{9A19103F-16F7-4668-BE54-9A1E7A4F7556}") = "Tests.NHibernate.Spatial.PostGis30", "Tests.NHibernate.Spatial.PostGis30\Tests.NHibernate.Spatial.PostGis30.csproj", "{ED1D3C35-D6F7-44CD-88A6-8E9192F685A8}"
EndProject
Project("{9A19103F-16F7-4668-BE54-9A1E7A4F7556}") = "NHibernate.Spatial.SpatiaLite", "NHibernate.Spatial.SpatiaLite\NHibernate.Spatial.SpatiaLite.csproj", "{83520F4F-5F22-4AA8-B5AA-9C38C742486E}"
EndProject
Project("{9A19103F-16F7-4668-BE54-9A1E7A4F7556}") = "Tests.NHibernate.Spatial.SpatiaLite", "Tests.NHibernate.Spatial.SpatiaLite\Tests.NHibernate.Spatial.SpatiaLite.csproj", "{38892858-02D0-4C5F-BAF6-891D5BFD67DF}"
EndProject
Global
	GlobalSection(SolutionConfigurationPlatforms) = preSolution
		Debug|Any CPU = Debug|Any CPU
		Release|Any CPU = Release|Any CPU
	EndGlobalSection
	GlobalSection(ProjectConfigurationPlatforms) = postSolution
		{F6C61D45-B221-4AAF-9539-24192A4FF933}.Debug|Any CPU.ActiveCfg = Debug|Any CPU
		{F6C61D45-B221-4AAF-9539-24192A4FF933}.Debug|Any CPU.Build.0 = Debug|Any CPU
		{F6C61D45-B221-4AAF-9539-24192A4FF933}.Release|Any CPU.ActiveCfg = Release|Any CPU
		{F6C61D45-B221-4AAF-9539-24192A4FF933}.Release|Any CPU.Build.0 = Release|Any CPU
		{6AD0F48D-C221-4CCE-AE1A-ED6780E8273B}.Debug|Any CPU.ActiveCfg = Debug|Any CPU
		{6AD0F48D-C221-4CCE-AE1A-ED6780E8273B}.Debug|Any CPU.Build.0 = Debug|Any CPU
		{6AD0F48D-C221-4CCE-AE1A-ED6780E8273B}.Release|Any CPU.ActiveCfg = Release|Any CPU
		{6AD0F48D-C221-4CCE-AE1A-ED6780E8273B}.Release|Any CPU.Build.0 = Release|Any CPU
		{6BD13325-F5D4-4865-B0F3-C0053D45579A}.Debug|Any CPU.ActiveCfg = Debug|Any CPU
		{6BD13325-F5D4-4865-B0F3-C0053D45579A}.Debug|Any CPU.Build.0 = Debug|Any CPU
		{6BD13325-F5D4-4865-B0F3-C0053D45579A}.Release|Any CPU.ActiveCfg = Release|Any CPU
		{6BD13325-F5D4-4865-B0F3-C0053D45579A}.Release|Any CPU.Build.0 = Release|Any CPU
		{2455831F-F3E0-48FC-92EB-71BF5BD0FBB5}.Debug|Any CPU.ActiveCfg = Debug|Any CPU
		{2455831F-F3E0-48FC-92EB-71BF5BD0FBB5}.Debug|Any CPU.Build.0 = Debug|Any CPU
		{2455831F-F3E0-48FC-92EB-71BF5BD0FBB5}.Release|Any CPU.ActiveCfg = Release|Any CPU
		{2455831F-F3E0-48FC-92EB-71BF5BD0FBB5}.Release|Any CPU.Build.0 = Release|Any CPU
		{1A5B4897-4D2C-4A3E-8012-B428799A5E43}.Debug|Any CPU.ActiveCfg = Debug|Any CPU
		{1A5B4897-4D2C-4A3E-8012-B428799A5E43}.Debug|Any CPU.Build.0 = Debug|Any CPU
		{1A5B4897-4D2C-4A3E-8012-B428799A5E43}.Release|Any CPU.ActiveCfg = Release|Any CPU
		{1A5B4897-4D2C-4A3E-8012-B428799A5E43}.Release|Any CPU.Build.0 = Release|Any CPU
		{1825222A-AC75-48B4-8283-BA5FEEE4AC7E}.Debug|Any CPU.ActiveCfg = Debug|Any CPU
		{1825222A-AC75-48B4-8283-BA5FEEE4AC7E}.Debug|Any CPU.Build.0 = Debug|Any CPU
		{1825222A-AC75-48B4-8283-BA5FEEE4AC7E}.Release|Any CPU.ActiveCfg = Release|Any CPU
		{1825222A-AC75-48B4-8283-BA5FEEE4AC7E}.Release|Any CPU.Build.0 = Release|Any CPU
		{DAEF5C4F-234D-402D-96E5-1B2CB6EBF10E}.Debug|Any CPU.ActiveCfg = Debug|Any CPU
		{DAEF5C4F-234D-402D-96E5-1B2CB6EBF10E}.Debug|Any CPU.Build.0 = Debug|Any CPU
		{DAEF5C4F-234D-402D-96E5-1B2CB6EBF10E}.Release|Any CPU.ActiveCfg = Release|Any CPU
		{DAEF5C4F-234D-402D-96E5-1B2CB6EBF10E}.Release|Any CPU.Build.0 = Release|Any CPU
		{3BA49B38-653B-4B24-8F2D-3416B07AAA5D}.Debug|Any CPU.ActiveCfg = Debug|Any CPU
		{3BA49B38-653B-4B24-8F2D-3416B07AAA5D}.Debug|Any CPU.Build.0 = Debug|Any CPU
		{3BA49B38-653B-4B24-8F2D-3416B07AAA5D}.Release|Any CPU.ActiveCfg = Release|Any CPU
		{3BA49B38-653B-4B24-8F2D-3416B07AAA5D}.Release|Any CPU.Build.0 = Release|Any CPU
		{12E29E47-4760-427E-8EF9-5D2F39B0E980}.Debug|Any CPU.ActiveCfg = Debug|Any CPU
		{12E29E47-4760-427E-8EF9-5D2F39B0E980}.Debug|Any CPU.Build.0 = Debug|Any CPU
		{12E29E47-4760-427E-8EF9-5D2F39B0E980}.Release|Any CPU.ActiveCfg = Release|Any CPU
		{12E29E47-4760-427E-8EF9-5D2F39B0E980}.Release|Any CPU.Build.0 = Release|Any CPU
		{D6643E3E-D004-41A7-B1AB-96D52018FE17}.Debug|Any CPU.ActiveCfg = Debug|Any CPU
		{D6643E3E-D004-41A7-B1AB-96D52018FE17}.Debug|Any CPU.Build.0 = Debug|Any CPU
		{D6643E3E-D004-41A7-B1AB-96D52018FE17}.Release|Any CPU.ActiveCfg = Release|Any CPU
		{D6643E3E-D004-41A7-B1AB-96D52018FE17}.Release|Any CPU.Build.0 = Release|Any CPU
		{ED1D3C35-D6F7-44CD-88A6-8E9192F685A8}.Debug|Any CPU.ActiveCfg = Debug|Any CPU
		{ED1D3C35-D6F7-44CD-88A6-8E9192F685A8}.Debug|Any CPU.Build.0 = Debug|Any CPU
		{ED1D3C35-D6F7-44CD-88A6-8E9192F685A8}.Release|Any CPU.ActiveCfg = Release|Any CPU
		{ED1D3C35-D6F7-44CD-88A6-8E9192F685A8}.Release|Any CPU.Build.0 = Release|Any CPU
		{83520F4F-5F22-4AA8-B5AA-9C38C742486E}.Debug|Any CPU.ActiveCfg = Debug|Any CPU
		{83520F4F-5F22-4AA8-B5AA-9C38C742486E}.Debug|Any CPU.Build.0 = Debug|Any CPU
		{83520F4F-5F22-4AA8-B5AA-9C38C742486E}.Release|Any CPU.ActiveCfg = Release|Any CPU
		{83520F4F-5F22-4AA8-B5AA-9C38C742486E}.Release|Any CPU.Build.0 = Release|Any CPU
		{38892858-02D0-4C5F-BAF6-891D5BFD67DF}.Debug|Any CPU.ActiveCfg = Debug|Any CPU
		{38892858-02D0-4C5F-BAF6-891D5BFD67DF}.Debug|Any CPU.Build.0 = Debug|Any CPU
		{38892858-02D0-4C5F-BAF6-891D5BFD67DF}.Release|Any CPU.ActiveCfg = Release|Any CPU
		{38892858-02D0-4C5F-BAF6-891D5BFD67DF}.Release|Any CPU.Build.0 = Release|Any CPU
	EndGlobalSection
	GlobalSection(SolutionProperties) = preSolution
		HideSolutionNode = FALSE
	EndGlobalSection
	GlobalSection(ExtensibilityGlobals) = postSolution
		SolutionGuid = {DCCE0813-0358-4179-9A7E-E35FB707C6AD}
	EndGlobalSection
EndGlobal
