
Microsoft Visual Studio Solution File, Format Version 12.00
# Visual Studio 2012
Project("{FAE04EC0-301F-11D3-BF4B-00C04F79EFBC}") = "NetTopologySuite.TestRunner", "NetTopologySuite.TestRunner.csproj", "{13669184-2446-404F-8894-5E20B6C3FCC6}"
EndProject
Project("{FAE04EC0-301F-11D3-BF4B-00C04F79EFBC}") = "NetTopologySuite.Windows.Forms", "..\NetTopologySuite.Windows.Forms\NetTopologySuite.Windows.Forms.csproj", "{DB5EFAB5-F90A-4B64-AB99-7C3A750154F1}"
EndProject
Global
	GlobalSection(SolutionConfigurationPlatforms) = preSolution
		Debug|Any CPU = Debug|Any CPU
		Release|Any CPU = Release|Any CPU
	EndGlobalSection
	GlobalSection(ProjectConfigurationPlatforms) = postSolution
		{13669184-2446-404F-8894-5E20B6C3FCC6}.Debug|Any CPU.ActiveCfg = Debug|Any CPU
		{13669184-2446-404F-8894-5E20B6C3FCC6}.Debug|Any CPU.Build.0 = Debug|Any CPU
		{13669184-2446-404F-8894-5E20B6C3FCC6}.Release|Any CPU.ActiveCfg = Release|Any CPU
		{13669184-2446-404F-8894-5E20B6C3FCC6}.Release|Any CPU.Build.0 = Release|Any CPU
		{DB5EFAB5-F90A-4B64-AB99-7C3A750154F1}.Debug|Any CPU.ActiveCfg = Debug|Any CPU
		{DB5EFAB5-F90A-4B64-AB99-7C3A750154F1}.Debug|Any CPU.Build.0 = Debug|Any CPU
		{DB5EFAB5-F90A-4B64-AB99-7C3A750154F1}.Release|Any CPU.ActiveCfg = Release|Any CPU
		{DB5EFAB5-F90A-4B64-AB99-7C3A750154F1}.Release|Any CPU.Build.0 = Release|Any CPU
	EndGlobalSection
	GlobalSection(SolutionProperties) = preSolution
		HideSolutionNode = FALSE
	EndGlobalSection
EndGlobal
